
Microsoft Visual Studio Solution File, Format Version 12.00
# Visual Studio Version 17
VisualStudioVersion = 17.6.33829.357
MinimumVisualStudioVersion = 10.0.40219.1
Project("{FAE04EC0-301F-11D3-BF4B-00C04F79EFBC}") = "WinFormsApp1", "WinFormsApp1.csproj", "{BA205832-2142-4ED1-97B6-CC9FA65994A8}"
EndProject
Global
	GlobalSection(SolutionConfigurationPlatforms) = preSolution
		Debug|Any CPU = Debug|Any CPU
		Release|Any CPU = Release|Any CPU
	EndGlobalSection
	GlobalSection(ProjectConfigurationPlatforms) = postSolution
		{BA205832-2142-4ED1-97B6-CC9FA65994A8}.Debug|Any CPU.ActiveCfg = Debug|Any CPU
		{BA205832-2142-4ED1-97B6-CC9FA65994A8}.Debug|Any CPU.Build.0 = Debug|Any CPU
		{BA205832-2142-4ED1-97B6-CC9FA65994A8}.Release|Any CPU.ActiveCfg = Release|Any CPU
		{BA205832-2142-4ED1-97B6-CC9FA65994A8}.Release|Any CPU.Build.0 = Release|Any CPU
	EndGlobalSection
	GlobalSection(SolutionProperties) = preSolution
		HideSolutionNode = FALSE
	EndGlobalSection
	GlobalSection(ExtensibilityGlobals) = postSolution
		SolutionGuid = {D6B38FDD-A695-4B25-968B-2880E1C910B6}
	EndGlobalSection
EndGlobal
